// !$*UTF8*$!
{
	archiveVersion = 1;
	classes = {
	};
	objectVersion = 46;
	objects = {

/* Begin PBXBuildFile section */
		4517C0D962F624E8AD684FE0 /* Pods_Flicks.framework in Frameworks */ = {isa = PBXBuildFile; fileRef = E06B1E7A029C83496E5337CB /* Pods_Flicks.framework */; };
		A326A09E1C572A7F00D2CEA2 /* MoviesViewController.swift in Sources */ = {isa = PBXBuildFile; fileRef = A326A09D1C572A7F00D2CEA2 /* MoviesViewController.swift */; };
		A33748A31C57627B007072A2 /* MovieCell.swift in Sources */ = {isa = PBXBuildFile; fileRef = A33748A21C57627B007072A2 /* MovieCell.swift */; };
		A3EB45261C571614005B871D /* AppDelegate.swift in Sources */ = {isa = PBXBuildFile; fileRef = A3EB45251C571614005B871D /* AppDelegate.swift */; };
		A3EB452B1C571614005B871D /* Main.storyboard in Resources */ = {isa = PBXBuildFile; fileRef = A3EB45291C571614005B871D /* Main.storyboard */; };
		A3EB452D1C571614005B871D /* Assets.xcassets in Resources */ = {isa = PBXBuildFile; fileRef = A3EB452C1C571614005B871D /* Assets.xcassets */; };
		A3EB45301C571614005B871D /* LaunchScreen.storyboard in Resources */ = {isa = PBXBuildFile; fileRef = A3EB452E1C571614005B871D /* LaunchScreen.storyboard */; };
		A3ED98341C5F11BF0017D039 /* DetailViewController.swift in Sources */ = {isa = PBXBuildFile; fileRef = A3ED98331C5F11BF0017D039 /* DetailViewController.swift */; };
/* End PBXBuildFile section */

/* Begin PBXFileReference section */
		7075C212D669494EA7D35892 /* Pods-Flicks.release.xcconfig */ = {isa = PBXFileReference; includeInIndex = 1; lastKnownFileType = text.xcconfig; name = "Pods-Flicks.release.xcconfig"; path = "Pods/Target Support Files/Pods-Flicks/Pods-Flicks.release.xcconfig"; sourceTree = "<group>"; };
		A326A09D1C572A7F00D2CEA2 /* MoviesViewController.swift */ = {isa = PBXFileReference; fileEncoding = 4; lastKnownFileType = sourcecode.swift; path = MoviesViewController.swift; sourceTree = "<group>"; };
		A33748A21C57627B007072A2 /* MovieCell.swift */ = {isa = PBXFileReference; fileEncoding = 4; lastKnownFileType = sourcecode.swift; path = MovieCell.swift; sourceTree = "<group>"; };
		A3EB45221C571614005B871D /* Flicks.app */ = {isa = PBXFileReference; explicitFileType = wrapper.application; includeInIndex = 0; path = Flicks.app; sourceTree = BUILT_PRODUCTS_DIR; };
		A3EB45251C571614005B871D /* AppDelegate.swift */ = {isa = PBXFileReference; lastKnownFileType = sourcecode.swift; path = AppDelegate.swift; sourceTree = "<group>"; };
		A3EB452A1C571614005B871D /* Base */ = {isa = PBXFileReference; lastKnownFileType = file.storyboard; name = Base; path = Base.lproj/Main.storyboard; sourceTree = "<group>"; };
		A3EB452C1C571614005B871D /* Assets.xcassets */ = {isa = PBXFileReference; lastKnownFileType = folder.assetcatalog; path = Assets.xcassets; sourceTree = "<group>"; };
		A3EB452F1C571614005B871D /* Base */ = {isa = PBXFileReference; lastKnownFileType = file.storyboard; name = Base; path = Base.lproj/LaunchScreen.storyboard; sourceTree = "<group>"; };
		A3EB45311C571614005B871D /* Info.plist */ = {isa = PBXFileReference; lastKnownFileType = text.plist.xml; path = Info.plist; sourceTree = "<group>"; };
		A3ED98331C5F11BF0017D039 /* DetailViewController.swift */ = {isa = PBXFileReference; fileEncoding = 4; lastKnownFileType = sourcecode.swift; path = DetailViewController.swift; sourceTree = "<group>"; };
		C2FA01C088FAF67084219918 /* Pods-Flicks.debug.xcconfig */ = {isa = PBXFileReference; includeInIndex = 1; lastKnownFileType = text.xcconfig; name = "Pods-Flicks.debug.xcconfig"; path = "Pods/Target Support Files/Pods-Flicks/Pods-Flicks.debug.xcconfig"; sourceTree = "<group>"; };
		E06B1E7A029C83496E5337CB /* Pods_Flicks.framework */ = {isa = PBXFileReference; explicitFileType = wrapper.framework; includeInIndex = 0; path = Pods_Flicks.framework; sourceTree = BUILT_PRODUCTS_DIR; };
/* End PBXFileReference section */

/* Begin PBXFrameworksBuildPhase section */
		A3EB451F1C571614005B871D /* Frameworks */ = {
			isa = PBXFrameworksBuildPhase;
			buildActionMask = 2147483647;
			files = (
				4517C0D962F624E8AD684FE0 /* Pods_Flicks.framework in Frameworks */,
			);
			runOnlyForDeploymentPostprocessing = 0;
		};
/* End PBXFrameworksBuildPhase section */

/* Begin PBXGroup section */
		A33748A01C576245007072A2 /* Views */ = {
			isa = PBXGroup;
			children = (
				A33748A21C57627B007072A2 /* MovieCell.swift */,
			);
			name = Views;
			sourceTree = "<group>";
		};
		A33748A11C57624D007072A2 /* ViewControllers */ = {
			isa = PBXGroup;
			children = (
				A326A09D1C572A7F00D2CEA2 /* MoviesViewController.swift */,
				A3ED98331C5F11BF0017D039 /* DetailViewController.swift */,
			);
			name = ViewControllers;
			sourceTree = "<group>";
		};
		A3EB45191C571614005B871D = {
			isa = PBXGroup;
			children = (
				A3EB45241C571614005B871D /* Flicks */,
				A3EB45231C571614005B871D /* Products */,
				B4956D51D15FC5C57A041AAE /* Pods */,
				C55B2C0B8F53558223317F5F /* Frameworks */,
			);
			sourceTree = "<group>";
		};
		A3EB45231C571614005B871D /* Products */ = {
			isa = PBXGroup;
			children = (
				A3EB45221C571614005B871D /* Flicks.app */,
			);
			name = Products;
			sourceTree = "<group>";
		};
		A3EB45241C571614005B871D /* Flicks */ = {
			isa = PBXGroup;
			children = (
				A33748A11C57624D007072A2 /* ViewControllers */,
				A33748A01C576245007072A2 /* Views */,
				A3EB45251C571614005B871D /* AppDelegate.swift */,
				A3EB45291C571614005B871D /* Main.storyboard */,
				A3EB452C1C571614005B871D /* Assets.xcassets */,
				A3EB452E1C571614005B871D /* LaunchScreen.storyboard */,
				A3EB45311C571614005B871D /* Info.plist */,
			);
			path = Flicks;
			sourceTree = "<group>";
		};
		B4956D51D15FC5C57A041AAE /* Pods */ = {
			isa = PBXGroup;
			children = (
				C2FA01C088FAF67084219918 /* Pods-Flicks.debug.xcconfig */,
				7075C212D669494EA7D35892 /* Pods-Flicks.release.xcconfig */,
			);
			name = Pods;
			sourceTree = "<group>";
		};
		C55B2C0B8F53558223317F5F /* Frameworks */ = {
			isa = PBXGroup;
			children = (
				E06B1E7A029C83496E5337CB /* Pods_Flicks.framework */,
			);
			name = Frameworks;
			sourceTree = "<group>";
		};
/* End PBXGroup section */

/* Begin PBXNativeTarget section */
		A3EB45211C571614005B871D /* Flicks */ = {
			isa = PBXNativeTarget;
			buildConfigurationList = A3EB45341C571614005B871D /* Build configuration list for PBXNativeTarget "Flicks" */;
			buildPhases = (
				19FDF6B89DF6C3BF55506BFE /* Check Pods Manifest.lock */,
				A3EB451E1C571614005B871D /* Sources */,
				A3EB451F1C571614005B871D /* Frameworks */,
				A3EB45201C571614005B871D /* Resources */,
				8CA48ACD7130E44E29005D8C /* Embed Pods Frameworks */,
				31CF8463EC3727143148A8A6 /* Copy Pods Resources */,
			);
			buildRules = (
			);
			dependencies = (
			);
			name = Flicks;
			productName = Flicks;
			productReference = A3EB45221C571614005B871D /* Flicks.app */;
			productType = "com.apple.product-type.application";
		};
/* End PBXNativeTarget section */

/* Begin PBXProject section */
		A3EB451A1C571614005B871D /* Project object */ = {
			isa = PBXProject;
			attributes = {
				LastSwiftUpdateCheck = 0720;
				LastUpgradeCheck = 0720;
				ORGANIZATIONNAME = himankyadav;
				TargetAttributes = {
					A3EB45211C571614005B871D = {
						CreatedOnToolsVersion = 7.2;
					};
				};
			};
			buildConfigurationList = A3EB451D1C571614005B871D /* Build configuration list for PBXProject "Flicks" */;
			compatibilityVersion = "Xcode 3.2";
			developmentRegion = English;
			hasScannedForEncodings = 0;
			knownRegions = (
				en,
				Base,
			);
			mainGroup = A3EB45191C571614005B871D;
			productRefGroup = A3EB45231C571614005B871D /* Products */;
			projectDirPath = "";
			projectRoot = "";
			targets = (
				A3EB45211C571614005B871D /* Flicks */,
			);
		};
/* End PBXProject section */

/* Begin PBXResourcesBuildPhase section */
		A3EB45201C571614005B871D /* Resources */ = {
			isa = PBXResourcesBuildPhase;
			buildActionMask = 2147483647;
			files = (
				A3EB45301C571614005B871D /* LaunchScreen.storyboard in Resources */,
				A3EB452D1C571614005B871D /* Assets.xcassets in Resources */,
				A3EB452B1C571614005B871D /* Main.storyboard in Resources */,
			);
			runOnlyForDeploymentPostprocessing = 0;
		};
/* End PBXResourcesBuildPhase section */

/* Begin PBXShellScriptBuildPhase section */
		19FDF6B89DF6C3BF55506BFE /* Check Pods Manifest.lock */ = {
			isa = PBXShellScriptBuildPhase;
			buildActionMask = 2147483647;
			files = (
			);
			inputPaths = (
			);
			name = "Check Pods Manifest.lock";
			outputPaths = (
			);
			runOnlyForDeploymentPostprocessing = 0;
			shellPath = /bin/sh;
			shellScript = "diff \"${PODS_ROOT}/../Podfile.lock\" \"${PODS_ROOT}/Manifest.lock\" > /dev/null\nif [[ $? != 0 ]] ; then\n    cat << EOM\nerror: The sandbox is not in sync with the Podfile.lock. Run 'pod install' or update your CocoaPods installation.\nEOM\n    exit 1\nfi\n";
			showEnvVarsInLog = 0;
		};
		31CF8463EC3727143148A8A6 /* Copy Pods Resources */ = {
			isa = PBXShellScriptBuildPhase;
			buildActionMask = 2147483647;
			files = (
			);
			inputPaths = (
			);
			name = "Copy Pods Resources";
			outputPaths = (
			);
			runOnlyForDeploymentPostprocessing = 0;
			shellPath = /bin/sh;
			shellScript = "\"${SRCROOT}/Pods/Target Support Files/Pods-Flicks/Pods-Flicks-resources.sh\"\n";
			showEnvVarsInLog = 0;
		};
		8CA48ACD7130E44E29005D8C /* Embed Pods Frameworks */ = {
			isa = PBXShellScriptBuildPhase;
			buildActionMask = 2147483647;
			files = (
			);
			inputPaths = (
			);
			name = "Embed Pods Frameworks";
			outputPaths = (
			);
			runOnlyForDeploymentPostprocessing = 0;
			shellPath = /bin/sh;
			shellScript = "\"${SRCROOT}/Pods/Target Support Files/Pods-Flicks/Pods-Flicks-frameworks.sh\"\n";
			showEnvVarsInLog = 0;
		};
/* End PBXShellScriptBuildPhase section */

/* Begin PBXSourcesBuildPhase section */
		A3EB451E1C571614005B871D /* Sources */ = {
			isa = PBXSourcesBuildPhase;
			buildActionMask = 2147483647;
			files = (
				A3EB45261C571614005B871D /* AppDelegate.swift in Sources */,
				A326A09E1C572A7F00D2CEA2 /* MoviesViewController.swift in Sources */,
				A33748A31C57627B007072A2 /* MovieCell.swift in Sources */,
				A3ED98341C5F11BF0017D039 /* DetailViewController.swift in Sources */,
			);
			runOnlyForDeploymentPostprocessing = 0;
		};
/* End PBXSourcesBuildPhase section */

/* Begin PBXVariantGroup section */
		A3EB45291C571614005B871D /* Main.storyboard */ = {
			isa = PBXVariantGroup;
			children = (
				A3EB452A1C571614005B871D /* Base */,
			);
			name = Main.storyboard;
			sourceTree = "<group>";
		};
		A3EB452E1C571614005B871D /* LaunchScreen.storyboard */ = {
			isa = PBXVariantGroup;
			children = (
				A3EB452F1C571614005B871D /* Base */,
			);
			name = LaunchScreen.storyboard;
			sourceTree = "<group>";
		};
/* End PBXVariantGroup section */

/* Begin XCBuildConfiguration section */
		A3EB45321C571614005B871D /* Debug */ = {
			isa = XCBuildConfiguration;
			buildSettings = {
				ALWAYS_SEARCH_USER_PATHS = NO;
				CLANG_CXX_LANGUAGE_STANDARD = "gnu++0x";
				CLANG_CXX_LIBRARY = "libc++";
				CLANG_ENABLE_MODULES = YES;
				CLANG_ENABLE_OBJC_ARC = YES;
				CLANG_WARN_BOOL_CONVERSION = YES;
				CLANG_WARN_CONSTANT_CONVERSION = YES;
				CLANG_WARN_DIRECT_OBJC_ISA_USAGE = YES_ERROR;
				CLANG_WARN_EMPTY_BODY = YES;
				CLANG_WARN_ENUM_CONVERSION = YES;
				CLANG_WARN_INT_CONVERSION = YES;
				CLANG_WARN_OBJC_ROOT_CLASS = YES_ERROR;
				CLANG_WARN_UNREACHABLE_CODE = YES;
				CLANG_WARN__DUPLICATE_METHOD_MATCH = YES;
				"CODE_SIGN_IDENTITY[sdk=iphoneos*]" = "iPhone Developer";
				COPY_PHASE_STRIP = NO;
				DEBUG_INFORMATION_FORMAT = dwarf;
				ENABLE_STRICT_OBJC_MSGSEND = YES;
				ENABLE_TESTABILITY = YES;
				GCC_C_LANGUAGE_STANDARD = gnu99;
				GCC_DYNAMIC_NO_PIC = NO;
				GCC_NO_COMMON_BLOCKS = YES;
				GCC_OPTIMIZATION_LEVEL = 0;
				GCC_PREPROCESSOR_DEFINITIONS = (
					"DEBUG=1",
					"$(inherited)",
				);
				GCC_WARN_64_TO_32_BIT_CONVERSION = YES;
				GCC_WARN_ABOUT_RETURN_TYPE = YES_ERROR;
				GCC_WARN_UNDECLARED_SELECTOR = YES;
				GCC_WARN_UNINITIALIZED_AUTOS = YES_AGGRESSIVE;
				GCC_WARN_UNUSED_FUNCTION = YES;
				GCC_WARN_UNUSED_VARIABLE = YES;
				IPHONEOS_DEPLOYMENT_TARGET = 9.2;
				MTL_ENABLE_DEBUG_INFO = YES;
				ONLY_ACTIVE_ARCH = YES;
				SDKROOT = iphoneos;
				SWIFT_OPTIMIZATION_LEVEL = "-Onone";
			};
			name = Debug;
		};
		A3EB45331C571614005B871D /* Release */ = {
			isa = XCBuildConfiguration;
			buildSettings = {
				ALWAYS_SEARCH_USER_PATHS = NO;
				CLANG_CXX_LANGUAGE_STANDARD = "gnu++0x";
				CLANG_CXX_LIBRARY = "libc++";
				CLANG_ENABLE_MODULES = YES;
				CLANG_ENABLE_OBJC_ARC = YES;
				CLANG_WARN_BOOL_CONVERSION = YES;
				CLANG_WARN_CONSTANT_CONVERSION = YES;
				CLANG_WARN_DIRECT_OBJC_ISA_USAGE = YES_ERROR;
				CLANG_WARN_EMPTY_BODY = YES;
				CLANG_WARN_ENUM_CONVERSION = YES;
				CLANG_WARN_INT_CONVERSION = YES;
				CLANG_WARN_OBJC_ROOT_CLASS = YES_ERROR;
				CLANG_WARN_UNREACHABLE_CODE = YES;
				CLANG_WARN__DUPLICATE_METHOD_MATCH = YES;
				"CODE_SIGN_IDENTITY[sdk=iphoneos*]" = "iPhone Developer";
				COPY_PHASE_STRIP = NO;
				DEBUG_INFORMATION_FORMAT = "dwarf-with-dsym";
				ENABLE_NS_ASSERTIONS = NO;
				ENABLE_STRICT_OBJC_MSGSEND = YES;
				GCC_C_LANGUAGE_STANDARD = gnu99;
				GCC_NO_COMMON_BLOCKS = YES;
				GCC_WARN_64_TO_32_BIT_CONVERSION = YES;
				GCC_WARN_ABOUT_RETURN_TYPE = YES_ERROR;
				GCC_WARN_UNDECLARED_SELECTOR = YES;
				GCC_WARN_UNINITIALIZED_AUTOS = YES_AGGRESSIVE;
				GCC_WARN_UNUSED_FUNCTION = YES;
				GCC_WARN_UNUSED_VARIABLE = YES;
				IPHONEOS_DEPLOYMENT_TARGET = 9.2;
				MTL_ENABLE_DEBUG_INFO = NO;
				SDKROOT = iphoneos;
				VALIDATE_PRODUCT = YES;
			};
			name = Release;
		};
		A3EB45351C571614005B871D /* Debug */ = {
			isa = XCBuildConfiguration;
			baseConfigurationReference = C2FA01C088FAF67084219918 /* Pods-Flicks.debug.xcconfig */;
			buildSettings = {
				ASSETCATALOG_COMPILER_APPICON_NAME = AppIcon;
				INFOPLIST_FILE = Flicks/Info.plist;
				LD_RUNPATH_SEARCH_PATHS = "$(inherited) @executable_path/Frameworks";
				PRODUCT_BUNDLE_IDENTIFIER = com.himankyadav.Flicks;
				PRODUCT_NAME = "$(TARGET_NAME)";
			};
			name = Debug;
		};
		A3EB45361C571614005B871D /* Release */ = {
			isa = XCBuildConfiguration;
			baseConfigurationReference = 7075C212D669494EA7D35892 /* Pods-Flicks.release.xcconfig */;
			buildSettings = {
				ASSETCATALOG_COMPILER_APPICON_NAME = AppIcon;
				INFOPLIST_FILE = Flicks/Info.plist;
				LD_RUNPATH_SEARCH_PATHS = "$(inherited) @executable_path/Frameworks";
				PRODUCT_BUNDLE_IDENTIFIER = com.himankyadav.Flicks;
				PRODUCT_NAME = "$(TARGET_NAME)";
			};
			name = Release;
		};
/* End XCBuildConfiguration section */

/* Begin XCConfigurationList section */
		A3EB451D1C571614005B871D /* Build configuration list for PBXProject "Flicks" */ = {
			isa = XCConfigurationList;
			buildConfigurations = (
				A3EB45321C571614005B871D /* Debug */,
				A3EB45331C571614005B871D /* Release */,
			);
			defaultConfigurationIsVisible = 0;
			defaultConfigurationName = Release;
		};
		A3EB45341C571614005B871D /* Build configuration list for PBXNativeTarget "Flicks" */ = {
			isa = XCConfigurationList;
			buildConfigurations = (
				A3EB45351C571614005B871D /* Debug */,
				A3EB45361C571614005B871D /* Release */,
			);
			defaultConfigurationIsVisible = 0;
			defaultConfigurationName = Release;
		};
/* End XCConfigurationList section */
	};
	rootObject = A3EB451A1C571614005B871D /* Project object */;
}
